
Microsoft Visual Studio Solution File, Format Version 12.00
# Visual Studio Version 17
VisualStudioVersion = 17.1.32210.238
MinimumVisualStudioVersion = 10.0.40219.1
Project("{FAE04EC0-301F-11D3-BF4B-00C04F79EFBC}") = "Veripark.Web", "Veripark.Web\Veripark.Web.csproj", "{3CE78C89-4B9F-4609-B27E-DEF5634E5D3C}"
EndProject
Project("{FAE04EC0-301F-11D3-BF4B-00C04F79EFBC}") = "Veripark.Entity", "Veripark.Entity\Veripark.Entity.csproj", "{F36882E4-BE51-4D1D-8D1D-A038BD87CCAA}"
EndProject
Project("{FAE04EC0-301F-11D3-BF4B-00C04F79EFBC}") = "Veripark.Data", "Veripark.Data\Veripark.Data.csproj", "{9E1BEDBB-3B5A-4F0A-BD5D-07B9349BBA4B}"
EndProject
Project("{FAE04EC0-301F-11D3-BF4B-00C04F79EFBC}") = "Veripark.Service", "Veripark.Service\Veripark.Service.csproj", "{7A3936DA-4D52-4CB6-AEF9-66F8FF62E674}"
EndProject
Project("{FAE04EC0-301F-11D3-BF4B-00C04F79EFBC}") = "Veripark.Core", "Veripark.Core\Veripark.Core.csproj", "{1FCFD2D7-1D94-4A15-BE1C-F1FF49A4CA04}"
EndProject
Global
	GlobalSection(SolutionConfigurationPlatforms) = preSolution
		Debug|Any CPU = Debug|Any CPU
		Release|Any CPU = Release|Any CPU
	EndGlobalSection
	GlobalSection(ProjectConfigurationPlatforms) = postSolution
		{3CE78C89-4B9F-4609-B27E-DEF5634E5D3C}.Debug|Any CPU.ActiveCfg = Debug|Any CPU
		{3CE78C89-4B9F-4609-B27E-DEF5634E5D3C}.Debug|Any CPU.Build.0 = Debug|Any CPU
		{3CE78C89-4B9F-4609-B27E-DEF5634E5D3C}.Release|Any CPU.ActiveCfg = Release|Any CPU
		{3CE78C89-4B9F-4609-B27E-DEF5634E5D3C}.Release|Any CPU.Build.0 = Release|Any CPU
		{F36882E4-BE51-4D1D-8D1D-A038BD87CCAA}.Debug|Any CPU.ActiveCfg = Debug|Any CPU
		{F36882E4-BE51-4D1D-8D1D-A038BD87CCAA}.Debug|Any CPU.Build.0 = Debug|Any CPU
		{F36882E4-BE51-4D1D-8D1D-A038BD87CCAA}.Release|Any CPU.ActiveCfg = Release|Any CPU
		{F36882E4-BE51-4D1D-8D1D-A038BD87CCAA}.Release|Any CPU.Build.0 = Release|Any CPU
		{9E1BEDBB-3B5A-4F0A-BD5D-07B9349BBA4B}.Debug|Any CPU.ActiveCfg = Debug|Any CPU
		{9E1BEDBB-3B5A-4F0A-BD5D-07B9349BBA4B}.Debug|Any CPU.Build.0 = Debug|Any CPU
		{9E1BEDBB-3B5A-4F0A-BD5D-07B9349BBA4B}.Release|Any CPU.ActiveCfg = Release|Any CPU
		{9E1BEDBB-3B5A-4F0A-BD5D-07B9349BBA4B}.Release|Any CPU.Build.0 = Release|Any CPU
		{7A3936DA-4D52-4CB6-AEF9-66F8FF62E674}.Debug|Any CPU.ActiveCfg = Debug|Any CPU
		{7A3936DA-4D52-4CB6-AEF9-66F8FF62E674}.Debug|Any CPU.Build.0 = Debug|Any CPU
		{7A3936DA-4D52-4CB6-AEF9-66F8FF62E674}.Release|Any CPU.ActiveCfg = Release|Any CPU
		{7A3936DA-4D52-4CB6-AEF9-66F8FF62E674}.Release|Any CPU.Build.0 = Release|Any CPU
		{1FCFD2D7-1D94-4A15-BE1C-F1FF49A4CA04}.Debug|Any CPU.ActiveCfg = Debug|Any CPU
		{1FCFD2D7-1D94-4A15-BE1C-F1FF49A4CA04}.Debug|Any CPU.Build.0 = Debug|Any CPU
		{1FCFD2D7-1D94-4A15-BE1C-F1FF49A4CA04}.Release|Any CPU.ActiveCfg = Release|Any CPU
		{1FCFD2D7-1D94-4A15-BE1C-F1FF49A4CA04}.Release|Any CPU.Build.0 = Release|Any CPU
	EndGlobalSection
	GlobalSection(SolutionProperties) = preSolution
		HideSolutionNode = FALSE
	EndGlobalSection
	GlobalSection(ExtensibilityGlobals) = postSolution
		SolutionGuid = {1CAF14CB-F7AD-4DDF-8E99-2BF64FF90E62}
	EndGlobalSection
EndGlobal
